# generated by rye
# use `rye lock` or `rye sync` to update this lockfile
#
# last locked with the following flags:
#   pre: false
#   features: []
#   all-features: false
#   with-sources: false
#   generate-hashes: false
#   universal: false

-e file:.
asttokens==2.4.1
    # via stack-data
attrs==24.2.0
    # via outcome
    # via trio
beautifulsoup4==4.12.3
    # via python-scraping-template
certifi==2024.8.30
    # via requests
    # via selenium
charset-normalizer==3.3.2
    # via requests
chromedriver-binary-auto==0.3.1
    # via python-scraping-template
comm==0.2.2
    # via ipykernel
coverage==7.6.1
    # via pytest-cov
debugpy==1.8.5
    # via ipykernel
decorator==5.1.1
    # via ipython
executing==2.1.0
    # via stack-data
h11==0.14.0
    # via wsproto
idna==3.10
    # via requests
    # via trio
iniconfig==2.0.0
    # via pytest
ipykernel==6.29.5
ipython==8.27.0
    # via ipykernel
jedi==0.19.1
    # via ipython
jupyter-client==8.6.2
    # via ipykernel
jupyter-core==5.7.2
    # via ipykernel
    # via jupyter-client
matplotlib-inline==0.1.7
    # via ipykernel
    # via ipython
nest-asyncio==1.6.0
    # via ipykernel
outcome==1.3.0.post0
    # via trio
packaging==24.1
    # via ipykernel
    # via pytest
parso==0.8.4
    # via jedi
pexpect==4.9.0
    # via ipython
platformdirs==4.3.3
    # via jupyter-core
pluggy==1.5.0
    # via pytest
prompt-toolkit==3.0.47
    # via ipython
psutil==6.0.0
    # via ipykernel
ptyprocess==0.7.0
    # via pexpect
pure-eval==0.2.3
    # via stack-data
pygments==2.18.0
    # via ipython
pysocks==1.7.1
    # via urllib3
pytest==8.3.3
    # via pytest-cov
pytest-cov==5.0.0
python-dateutil==2.9.0.post0
    # via jupyter-client
pyzmq==26.2.0
    # via ipykernel
    # via jupyter-client
requests==2.32.3
    # via python-scraping-template
selenium==4.24.0
    # via python-scraping-template
six==1.16.0
    # via asttokens
    # via python-dateutil
sniffio==1.3.1
    # via trio
sortedcontainers==2.4.0
    # via trio
soupsieve==2.6
    # via beautifulsoup4
stack-data==0.6.3
    # via ipython
tornado==6.4.1
    # via ipykernel
    # via jupyter-client
traitlets==5.14.3
    # via comm
    # via ipykernel
    # via ipython
    # via jupyter-client
    # via jupyter-core
    # via matplotlib-inline
trio==0.26.2
    # via selenium
    # via trio-websocket
trio-websocket==0.11.1
    # via selenium
typing-extensions==4.12.2
    # via selenium
urllib3==2.2.3
    # via requests
    # via selenium
wcwidth==0.2.13
    # via prompt-toolkit
websocket-client==1.8.0
    # via selenium
wsproto==1.2.0
    # via trio-websocket
